
Microsoft Visual Studio Solution File, Format Version 12.00
# Visual Studio Version 17
VisualStudioVersion = 17.3.32929.385
MinimumVisualStudioVersion = 10.0.40219.1
Project("{FAE04EC0-301F-11D3-BF4B-00C04F79EFBC}") = "RealStateApi", "RealStateApi\RealStateApi.csproj", "{6C4F4E36-DC9A-4073-B938-CC511113E8BB}"
EndProject
Global
	GlobalSection(SolutionConfigurationPlatforms) = preSolution
		Debug|Any CPU = Debug|Any CPU
		Release|Any CPU = Release|Any CPU
	EndGlobalSection
	GlobalSection(ProjectConfigurationPlatforms) = postSolution
		{6C4F4E36-DC9A-4073-B938-CC511113E8BB}.Debug|Any CPU.ActiveCfg = Debug|Any CPU
		{6C4F4E36-DC9A-4073-B938-CC511113E8BB}.Debug|Any CPU.Build.0 = Debug|Any CPU
		{6C4F4E36-DC9A-4073-B938-CC511113E8BB}.Release|Any CPU.ActiveCfg = Release|Any CPU
		{6C4F4E36-DC9A-4073-B938-CC511113E8BB}.Release|Any CPU.Build.0 = Release|Any CPU
	EndGlobalSection
	GlobalSection(SolutionProperties) = preSolution
		HideSolutionNode = FALSE
	EndGlobalSection
	GlobalSection(ExtensibilityGlobals) = postSolution
		SolutionGuid = {1F9D67BB-F80B-4786-91C4-16F0B6FFE886}
	EndGlobalSection
EndGlobal
